
Microsoft Visual Studio Solution File, Format Version 12.00
# Visual Studio Version 17
VisualStudioVersion = 17.9.34728.123
MinimumVisualStudioVersion = 10.0.40219.1
Project("{9A19103F-16F7-4668-BE54-9A1E7A4F7556}") = "GitHubAPICLI", "GitHubAPICLI\GitHubAPICLI.csproj", "{0A654F0C-A8D1-4D6B-954D-56F3F4A39347}"
EndProject
Project("{9A19103F-16F7-4668-BE54-9A1E7A4F7556}") = "NanoDNA.CLIFramework", "Submodules\NanoDNA.CLIFramework\NanoDNA.CLIFramework\NanoDNA.CLIFramework.csproj", "{16F792D7-0AD6-4646-8988-13E6B07BC3C5}"
EndProject
Project("{9A19103F-16F7-4668-BE54-9A1E7A4F7556}") = "NanoDNA.GitHubManager", "Submodules\NanoDNA.GitHubManager\NanoDNA.GitHubManager\NanoDNA.GitHubManager.csproj", "{68FE7F68-3FB5-4F88-B42C-F17662E57A94}"
EndProject
Project("{9A19103F-16F7-4668-BE54-9A1E7A4F7556}") = "NanoDNA.DockerManager", "Submodules\NanoDNA.DockerManager\NanoDNA.DockerManager\NanoDNA.DockerManager.csproj", "{105C1029-D40B-4CB1-B718-36CE9F19A791}"
EndProject
Project("{9A19103F-16F7-4668-BE54-9A1E7A4F7556}") = "NanoDNA.ProcessRunner", "Submodules\NanoDNA.ProcessRunner\NanoDNA.ProcessRunner\NanoDNA.ProcessRunner.csproj", "{345A7287-DA4D-4289-BBC8-F115A2507019}"
EndProject
Global
	GlobalSection(SolutionConfigurationPlatforms) = preSolution
		Debug|Any CPU = Debug|Any CPU
		Debug|ARM32 = Debug|ARM32
		Debug|ARM64 = Debug|ARM64
		Debug|x64 = Debug|x64
		Debug|x86 = Debug|x86
		Release|Any CPU = Release|Any CPU
		Release|ARM32 = Release|ARM32
		Release|ARM64 = Release|ARM64
		Release|x64 = Release|x64
		Release|x86 = Release|x86
	EndGlobalSection
	GlobalSection(ProjectConfigurationPlatforms) = postSolution
		{0A654F0C-A8D1-4D6B-954D-56F3F4A39347}.Debug|Any CPU.ActiveCfg = Debug|Any CPU
		{0A654F0C-A8D1-4D6B-954D-56F3F4A39347}.Debug|Any CPU.Build.0 = Debug|Any CPU
		{0A654F0C-A8D1-4D6B-954D-56F3F4A39347}.Debug|ARM32.ActiveCfg = Debug|ARM32
		{0A654F0C-A8D1-4D6B-954D-56F3F4A39347}.Debug|ARM32.Build.0 = Debug|ARM32
		{0A654F0C-A8D1-4D6B-954D-56F3F4A39347}.Debug|ARM64.ActiveCfg = Debug|ARM64
		{0A654F0C-A8D1-4D6B-954D-56F3F4A39347}.Debug|ARM64.Build.0 = Debug|ARM64
		{0A654F0C-A8D1-4D6B-954D-56F3F4A39347}.Debug|x64.ActiveCfg = Debug|x64
		{0A654F0C-A8D1-4D6B-954D-56F3F4A39347}.Debug|x64.Build.0 = Debug|x64
		{0A654F0C-A8D1-4D6B-954D-56F3F4A39347}.Debug|x86.ActiveCfg = Debug|x86
		{0A654F0C-A8D1-4D6B-954D-56F3F4A39347}.Debug|x86.Build.0 = Debug|x86
		{0A654F0C-A8D1-4D6B-954D-56F3F4A39347}.Release|Any CPU.ActiveCfg = Release|Any CPU
		{0A654F0C-A8D1-4D6B-954D-56F3F4A39347}.Release|Any CPU.Build.0 = Release|Any CPU
		{0A654F0C-A8D1-4D6B-954D-56F3F4A39347}.Release|ARM32.ActiveCfg = Release|ARM32
		{0A654F0C-A8D1-4D6B-954D-56F3F4A39347}.Release|ARM32.Build.0 = Release|ARM32
		{0A654F0C-A8D1-4D6B-954D-56F3F4A39347}.Release|ARM64.ActiveCfg = Release|ARM64
		{0A654F0C-A8D1-4D6B-954D-56F3F4A39347}.Release|ARM64.Build.0 = Release|ARM64
		{0A654F0C-A8D1-4D6B-954D-56F3F4A39347}.Release|x64.ActiveCfg = Release|x64
		{0A654F0C-A8D1-4D6B-954D-56F3F4A39347}.Release|x64.Build.0 = Release|x64
		{0A654F0C-A8D1-4D6B-954D-56F3F4A39347}.Release|x86.ActiveCfg = Release|x86
		{0A654F0C-A8D1-4D6B-954D-56F3F4A39347}.Release|x86.Build.0 = Release|x86
		{16F792D7-0AD6-4646-8988-13E6B07BC3C5}.Debug|Any CPU.ActiveCfg = Debug|Any CPU
		{16F792D7-0AD6-4646-8988-13E6B07BC3C5}.Debug|Any CPU.Build.0 = Debug|Any CPU
		{16F792D7-0AD6-4646-8988-13E6B07BC3C5}.Debug|ARM32.ActiveCfg = Debug|ARM32
		{16F792D7-0AD6-4646-8988-13E6B07BC3C5}.Debug|ARM32.Build.0 = Debug|ARM32
		{16F792D7-0AD6-4646-8988-13E6B07BC3C5}.Debug|ARM64.ActiveCfg = Debug|ARM64
		{16F792D7-0AD6-4646-8988-13E6B07BC3C5}.Debug|ARM64.Build.0 = Debug|ARM64
		{16F792D7-0AD6-4646-8988-13E6B07BC3C5}.Debug|x64.ActiveCfg = Debug|x64
		{16F792D7-0AD6-4646-8988-13E6B07BC3C5}.Debug|x64.Build.0 = Debug|x64
		{16F792D7-0AD6-4646-8988-13E6B07BC3C5}.Debug|x86.ActiveCfg = Debug|x86
		{16F792D7-0AD6-4646-8988-13E6B07BC3C5}.Debug|x86.Build.0 = Debug|x86
		{16F792D7-0AD6-4646-8988-13E6B07BC3C5}.Release|Any CPU.ActiveCfg = Release|Any CPU
		{16F792D7-0AD6-4646-8988-13E6B07BC3C5}.Release|Any CPU.Build.0 = Release|Any CPU
		{16F792D7-0AD6-4646-8988-13E6B07BC3C5}.Release|ARM32.ActiveCfg = Release|ARM32
		{16F792D7-0AD6-4646-8988-13E6B07BC3C5}.Release|ARM32.Build.0 = Release|ARM32
		{16F792D7-0AD6-4646-8988-13E6B07BC3C5}.Release|ARM64.ActiveCfg = Release|ARM64
		{16F792D7-0AD6-4646-8988-13E6B07BC3C5}.Release|ARM64.Build.0 = Release|ARM64
		{16F792D7-0AD6-4646-8988-13E6B07BC3C5}.Release|x64.ActiveCfg = Release|x64
		{16F792D7-0AD6-4646-8988-13E6B07BC3C5}.Release|x64.Build.0 = Release|x64
		{16F792D7-0AD6-4646-8988-13E6B07BC3C5}.Release|x86.ActiveCfg = Release|x86
		{16F792D7-0AD6-4646-8988-13E6B07BC3C5}.Release|x86.Build.0 = Release|x86
		{68FE7F68-3FB5-4F88-B42C-F17662E57A94}.Debug|Any CPU.ActiveCfg = Debug|Any CPU
		{68FE7F68-3FB5-4F88-B42C-F17662E57A94}.Debug|Any CPU.Build.0 = Debug|Any CPU
		{68FE7F68-3FB5-4F88-B42C-F17662E57A94}.Debug|ARM32.ActiveCfg = Debug|ARM32
		{68FE7F68-3FB5-4F88-B42C-F17662E57A94}.Debug|ARM32.Build.0 = Debug|ARM32
		{68FE7F68-3FB5-4F88-B42C-F17662E57A94}.Debug|ARM64.ActiveCfg = Debug|ARM64
		{68FE7F68-3FB5-4F88-B42C-F17662E57A94}.Debug|ARM64.Build.0 = Debug|ARM64
		{68FE7F68-3FB5-4F88-B42C-F17662E57A94}.Debug|x64.ActiveCfg = Debug|x64
		{68FE7F68-3FB5-4F88-B42C-F17662E57A94}.Debug|x64.Build.0 = Debug|x64
		{68FE7F68-3FB5-4F88-B42C-F17662E57A94}.Debug|x86.ActiveCfg = Debug|x86
		{68FE7F68-3FB5-4F88-B42C-F17662E57A94}.Debug|x86.Build.0 = Debug|x86
		{68FE7F68-3FB5-4F88-B42C-F17662E57A94}.Release|Any CPU.ActiveCfg = Release|Any CPU
		{68FE7F68-3FB5-4F88-B42C-F17662E57A94}.Release|Any CPU.Build.0 = Release|Any CPU
		{68FE7F68-3FB5-4F88-B42C-F17662E57A94}.Release|ARM32.ActiveCfg = Release|ARM32
		{68FE7F68-3FB5-4F88-B42C-F17662E57A94}.Release|ARM32.Build.0 = Release|ARM32
		{68FE7F68-3FB5-4F88-B42C-F17662E57A94}.Release|ARM64.ActiveCfg = Release|ARM64
		{68FE7F68-3FB5-4F88-B42C-F17662E57A94}.Release|ARM64.Build.0 = Release|ARM64
		{68FE7F68-3FB5-4F88-B42C-F17662E57A94}.Release|x64.ActiveCfg = Release|x64
		{68FE7F68-3FB5-4F88-B42C-F17662E57A94}.Release|x64.Build.0 = Release|x64
		{68FE7F68-3FB5-4F88-B42C-F17662E57A94}.Release|x86.ActiveCfg = Release|x86
		{68FE7F68-3FB5-4F88-B42C-F17662E57A94}.Release|x86.Build.0 = Release|x86
		{105C1029-D40B-4CB1-B718-36CE9F19A791}.Debug|Any CPU.ActiveCfg = Debug|Any CPU
		{105C1029-D40B-4CB1-B718-36CE9F19A791}.Debug|Any CPU.Build.0 = Debug|Any CPU
		{105C1029-D40B-4CB1-B718-36CE9F19A791}.Debug|ARM32.ActiveCfg = Debug|ARM32
		{105C1029-D40B-4CB1-B718-36CE9F19A791}.Debug|ARM32.Build.0 = Debug|ARM32
		{105C1029-D40B-4CB1-B718-36CE9F19A791}.Debug|ARM64.ActiveCfg = Debug|ARM64
		{105C1029-D40B-4CB1-B718-36CE9F19A791}.Debug|ARM64.Build.0 = Debug|ARM64
		{105C1029-D40B-4CB1-B718-36CE9F19A791}.Debug|x64.ActiveCfg = Debug|x64
		{105C1029-D40B-4CB1-B718-36CE9F19A791}.Debug|x64.Build.0 = Debug|x64
		{105C1029-D40B-4CB1-B718-36CE9F19A791}.Debug|x86.ActiveCfg = Debug|x86
		{105C1029-D40B-4CB1-B718-36CE9F19A791}.Debug|x86.Build.0 = Debug|x86
		{105C1029-D40B-4CB1-B718-36CE9F19A791}.Release|Any CPU.ActiveCfg = Release|Any CPU
		{105C1029-D40B-4CB1-B718-36CE9F19A791}.Release|Any CPU.Build.0 = Release|Any CPU
		{105C1029-D40B-4CB1-B718-36CE9F19A791}.Release|ARM32.ActiveCfg = Release|ARM32
		{105C1029-D40B-4CB1-B718-36CE9F19A791}.Release|ARM32.Build.0 = Release|ARM32
		{105C1029-D40B-4CB1-B718-36CE9F19A791}.Release|ARM64.ActiveCfg = Release|ARM64
		{105C1029-D40B-4CB1-B718-36CE9F19A791}.Release|ARM64.Build.0 = Release|ARM64
		{105C1029-D40B-4CB1-B718-36CE9F19A791}.Release|x64.ActiveCfg = Release|x64
		{105C1029-D40B-4CB1-B718-36CE9F19A791}.Release|x64.Build.0 = Release|x64
		{105C1029-D40B-4CB1-B718-36CE9F19A791}.Release|x86.ActiveCfg = Release|x86
		{105C1029-D40B-4CB1-B718-36CE9F19A791}.Release|x86.Build.0 = Release|x86
		{345A7287-DA4D-4289-BBC8-F115A2507019}.Debug|Any CPU.ActiveCfg = Debug|Any CPU
		{345A7287-DA4D-4289-BBC8-F115A2507019}.Debug|Any CPU.Build.0 = Debug|Any CPU
		{345A7287-DA4D-4289-BBC8-F115A2507019}.Debug|ARM32.ActiveCfg = Debug|ARM32
		{345A7287-DA4D-4289-BBC8-F115A2507019}.Debug|ARM32.Build.0 = Debug|ARM32
		{345A7287-DA4D-4289-BBC8-F115A2507019}.Debug|ARM64.ActiveCfg = Debug|ARM64
		{345A7287-DA4D-4289-BBC8-F115A2507019}.Debug|ARM64.Build.0 = Debug|ARM64
		{345A7287-DA4D-4289-BBC8-F115A2507019}.Debug|x64.ActiveCfg = Debug|x64
		{345A7287-DA4D-4289-BBC8-F115A2507019}.Debug|x64.Build.0 = Debug|x64
		{345A7287-DA4D-4289-BBC8-F115A2507019}.Debug|x86.ActiveCfg = Debug|x86
		{345A7287-DA4D-4289-BBC8-F115A2507019}.Debug|x86.Build.0 = Debug|x86
		{345A7287-DA4D-4289-BBC8-F115A2507019}.Release|Any CPU.ActiveCfg = Release|Any CPU
		{345A7287-DA4D-4289-BBC8-F115A2507019}.Release|Any CPU.Build.0 = Release|Any CPU
		{345A7287-DA4D-4289-BBC8-F115A2507019}.Release|ARM32.ActiveCfg = Release|ARM32
		{345A7287-DA4D-4289-BBC8-F115A2507019}.Release|ARM32.Build.0 = Release|ARM32
		{345A7287-DA4D-4289-BBC8-F115A2507019}.Release|ARM64.ActiveCfg = Release|ARM64
		{345A7287-DA4D-4289-BBC8-F115A2507019}.Release|ARM64.Build.0 = Release|ARM64
		{345A7287-DA4D-4289-BBC8-F115A2507019}.Release|x64.ActiveCfg = Release|x64
		{345A7287-DA4D-4289-BBC8-F115A2507019}.Release|x64.Build.0 = Release|x64
		{345A7287-DA4D-4289-BBC8-F115A2507019}.Release|x86.ActiveCfg = Release|x86
		{345A7287-DA4D-4289-BBC8-F115A2507019}.Release|x86.Build.0 = Release|x86
	EndGlobalSection
	GlobalSection(SolutionProperties) = preSolution
		HideSolutionNode = FALSE
	EndGlobalSection
	GlobalSection(ExtensibilityGlobals) = postSolution
		SolutionGuid = {171F7F41-CBC4-4BDD-9E80-80AD931BD11E}
	EndGlobalSection
EndGlobal
